// !$*UTF8*$!
{
	archiveVersion = 1;
	classes = {
	};
	objectVersion = 46;
	objects = {

/* Begin PBXBuildFile section */
		B10D90AC1DBFAD5E009AB0C9 /* AppDelegate.swift in Sources */ = {isa = PBXBuildFile; fileRef = B10D90AB1DBFAD5E009AB0C9 /* AppDelegate.swift */; };
		B10D90B11DBFAD5E009AB0C9 /* Main.storyboard in Resources */ = {isa = PBXBuildFile; fileRef = B10D90AF1DBFAD5E009AB0C9 /* Main.storyboard */; };
		B10D90B31DBFAD5E009AB0C9 /* Assets.xcassets in Resources */ = {isa = PBXBuildFile; fileRef = B10D90B21DBFAD5E009AB0C9 /* Assets.xcassets */; };
		B10D90B61DBFAD5E009AB0C9 /* LaunchScreen.storyboard in Resources */ = {isa = PBXBuildFile; fileRef = B10D90B41DBFAD5E009AB0C9 /* LaunchScreen.storyboard */; };
		B10D90C11DBFAD5F009AB0C9 /* CardGameTests.swift in Sources */ = {isa = PBXBuildFile; fileRef = B10D90C01DBFAD5F009AB0C9 /* CardGameTests.swift */; };
		B10D90CC1DBFAD5F009AB0C9 /* CardGameUITests.swift in Sources */ = {isa = PBXBuildFile; fileRef = B10D90CB1DBFAD5F009AB0C9 /* CardGameUITests.swift */; };
		B10D90DC1DBFB0DC009AB0C9 /* PlayingCard.swift in Sources */ = {isa = PBXBuildFile; fileRef = B10D90D91DBFB0DC009AB0C9 /* PlayingCard.swift */; };
		B10D90DD1DBFB0DC009AB0C9 /* Card.swift in Sources */ = {isa = PBXBuildFile; fileRef = B10D90DA1DBFB0DC009AB0C9 /* Card.swift */; };
		B115DBFB1DC251C600D14656 /* CardGameController.swift in Sources */ = {isa = PBXBuildFile; fileRef = B115DBFA1DC251C600D14656 /* CardGameController.swift */; };
		B1A1466F1DC7888900CA154D /* Deck.swift in Sources */ = {isa = PBXBuildFile; fileRef = B1A1466E1DC7888900CA154D /* Deck.swift */; };
		B1A146731DC78A0300CA154D /* PlayingCardGame.swift in Sources */ = {isa = PBXBuildFile; fileRef = B1A146721DC78A0300CA154D /* PlayingCardGame.swift */; };
/* End PBXBuildFile section */

/* Begin PBXContainerItemProxy section */
		B10D90BD1DBFAD5F009AB0C9 /* PBXContainerItemProxy */ = {
			isa = PBXContainerItemProxy;
			containerPortal = B10D90A01DBFAD5E009AB0C9 /* Project object */;
			proxyType = 1;
			remoteGlobalIDString = B10D90A71DBFAD5E009AB0C9;
			remoteInfo = CardGame;
		};
		B10D90C81DBFAD5F009AB0C9 /* PBXContainerItemProxy */ = {
			isa = PBXContainerItemProxy;
			containerPortal = B10D90A01DBFAD5E009AB0C9 /* Project object */;
			proxyType = 1;
			remoteGlobalIDString = B10D90A71DBFAD5E009AB0C9;
			remoteInfo = CardGame;
		};
/* End PBXContainerItemProxy section */

/* Begin PBXFileReference section */
		B10D90A81DBFAD5E009AB0C9 /* CardGame.app */ = {isa = PBXFileReference; explicitFileType = wrapper.application; includeInIndex = 0; path = CardGame.app; sourceTree = BUILT_PRODUCTS_DIR; };
		B10D90AB1DBFAD5E009AB0C9 /* AppDelegate.swift */ = {isa = PBXFileReference; lastKnownFileType = sourcecode.swift; path = AppDelegate.swift; sourceTree = "<group>"; };
		B10D90B01DBFAD5E009AB0C9 /* Base */ = {isa = PBXFileReference; lastKnownFileType = file.storyboard; name = Base; path = Base.lproj/Main.storyboard; sourceTree = "<group>"; };
		B10D90B21DBFAD5E009AB0C9 /* Assets.xcassets */ = {isa = PBXFileReference; lastKnownFileType = folder.assetcatalog; path = Assets.xcassets; sourceTree = "<group>"; };
		B10D90B51DBFAD5E009AB0C9 /* Base */ = {isa = PBXFileReference; lastKnownFileType = file.storyboard; name = Base; path = Base.lproj/LaunchScreen.storyboard; sourceTree = "<group>"; };
		B10D90B71DBFAD5E009AB0C9 /* Info.plist */ = {isa = PBXFileReference; lastKnownFileType = text.plist.xml; path = Info.plist; sourceTree = "<group>"; };
		B10D90BC1DBFAD5F009AB0C9 /* CardGameTests.xctest */ = {isa = PBXFileReference; explicitFileType = wrapper.cfbundle; includeInIndex = 0; path = CardGameTests.xctest; sourceTree = BUILT_PRODUCTS_DIR; };
		B10D90C01DBFAD5F009AB0C9 /* CardGameTests.swift */ = {isa = PBXFileReference; lastKnownFileType = sourcecode.swift; path = CardGameTests.swift; sourceTree = "<group>"; };
		B10D90C21DBFAD5F009AB0C9 /* Info.plist */ = {isa = PBXFileReference; lastKnownFileType = text.plist.xml; path = Info.plist; sourceTree = "<group>"; };
		B10D90C71DBFAD5F009AB0C9 /* CardGameUITests.xctest */ = {isa = PBXFileReference; explicitFileType = wrapper.cfbundle; includeInIndex = 0; path = CardGameUITests.xctest; sourceTree = BUILT_PRODUCTS_DIR; };
		B10D90CB1DBFAD5F009AB0C9 /* CardGameUITests.swift */ = {isa = PBXFileReference; lastKnownFileType = sourcecode.swift; path = CardGameUITests.swift; sourceTree = "<group>"; };
		B10D90CD1DBFAD5F009AB0C9 /* Info.plist */ = {isa = PBXFileReference; lastKnownFileType = text.plist.xml; path = Info.plist; sourceTree = "<group>"; };
		B10D90D91DBFB0DC009AB0C9 /* PlayingCard.swift */ = {isa = PBXFileReference; fileEncoding = 4; lastKnownFileType = sourcecode.swift; path = PlayingCard.swift; sourceTree = "<group>"; };
		B10D90DA1DBFB0DC009AB0C9 /* Card.swift */ = {isa = PBXFileReference; fileEncoding = 4; lastKnownFileType = sourcecode.swift; path = Card.swift; sourceTree = "<group>"; };
		B115DBFA1DC251C600D14656 /* CardGameController.swift */ = {isa = PBXFileReference; fileEncoding = 4; lastKnownFileType = sourcecode.swift; name = CardGameController.swift; path = "CardGame/untitled folder 2/CardGameController.swift"; sourceTree = "<group>"; };
		B1A1466E1DC7888900CA154D /* Deck.swift */ = {isa = PBXFileReference; fileEncoding = 4; lastKnownFileType = sourcecode.swift; path = Deck.swift; sourceTree = "<group>"; };
		B1A146721DC78A0300CA154D /* PlayingCardGame.swift */ = {isa = PBXFileReference; fileEncoding = 4; lastKnownFileType = sourcecode.swift; path = PlayingCardGame.swift; sourceTree = "<group>"; };
/* End PBXFileReference section */

/* Begin PBXFrameworksBuildPhase section */
		B10D90A51DBFAD5E009AB0C9 /* Frameworks */ = {
			isa = PBXFrameworksBuildPhase;
			buildActionMask = 2147483647;
			files = (
			);
			runOnlyForDeploymentPostprocessing = 0;
		};
		B10D90B91DBFAD5E009AB0C9 /* Frameworks */ = {
			isa = PBXFrameworksBuildPhase;
			buildActionMask = 2147483647;
			files = (
			);
			runOnlyForDeploymentPostprocessing = 0;
		};
		B10D90C41DBFAD5F009AB0C9 /* Frameworks */ = {
			isa = PBXFrameworksBuildPhase;
			buildActionMask = 2147483647;
			files = (
			);
			runOnlyForDeploymentPostprocessing = 0;
		};
/* End PBXFrameworksBuildPhase section */

/* Begin PBXGroup section */
		B10D909F1DBFAD5E009AB0C9 = {
			isa = PBXGroup;
			children = (
				B10D90AA1DBFAD5E009AB0C9 /* CardGame */,
				B10D90BF1DBFAD5F009AB0C9 /* CardGameTests */,
				B10D90CA1DBFAD5F009AB0C9 /* CardGameUITests */,
				B10D90A91DBFAD5E009AB0C9 /* Products */,
			);
			sourceTree = "<group>";
		};
		B10D90A91DBFAD5E009AB0C9 /* Products */ = {
			isa = PBXGroup;
			children = (
				B10D90A81DBFAD5E009AB0C9 /* CardGame.app */,
				B10D90BC1DBFAD5F009AB0C9 /* CardGameTests.xctest */,
				B10D90C71DBFAD5F009AB0C9 /* CardGameUITests.xctest */,
			);
			name = Products;
			sourceTree = "<group>";
		};
		B10D90AA1DBFAD5E009AB0C9 /* CardGame */ = {
			isa = PBXGroup;
			children = (
				B10D90AB1DBFAD5E009AB0C9 /* AppDelegate.swift */,
				B115DBFD1DC2520400D14656 /* View */,
				B10D90B71DBFAD5E009AB0C9 /* Info.plist */,
				B10D90DB1DBFB0DC009AB0C9 /* Model */,
				B115DBFC1DC251DC00D14656 /* Controller */,
			);
			path = CardGame;
			sourceTree = "<group>";
		};
		B10D90BF1DBFAD5F009AB0C9 /* CardGameTests */ = {
			isa = PBXGroup;
			children = (
				B10D90C01DBFAD5F009AB0C9 /* CardGameTests.swift */,
				B10D90C21DBFAD5F009AB0C9 /* Info.plist */,
			);
			path = CardGameTests;
			sourceTree = "<group>";
		};
		B10D90CA1DBFAD5F009AB0C9 /* CardGameUITests */ = {
			isa = PBXGroup;
			children = (
				B10D90CB1DBFAD5F009AB0C9 /* CardGameUITests.swift */,
				B10D90CD1DBFAD5F009AB0C9 /* Info.plist */,
			);
			path = CardGameUITests;
			sourceTree = "<group>";
		};
		B10D90DB1DBFB0DC009AB0C9 /* Model */ = {
			isa = PBXGroup;
			children = (
				B10D90D91DBFB0DC009AB0C9 /* PlayingCard.swift */,
				B10D90DA1DBFB0DC009AB0C9 /* Card.swift */,
				B1A1466E1DC7888900CA154D /* Deck.swift */,
				B1A146721DC78A0300CA154D /* PlayingCardGame.swift */,
			);
			name = Model;
			path = "untitled folder";
			sourceTree = "<group>";
		};
		B115DBFC1DC251DC00D14656 /* Controller */ = {
			isa = PBXGroup;
			children = (
				B115DBFA1DC251C600D14656 /* CardGameController.swift */,
			);
			name = Controller;
			path = ..;
			sourceTree = "<group>";
		};
		B115DBFD1DC2520400D14656 /* View */ = {
			isa = PBXGroup;
			children = (
				B10D90AF1DBFAD5E009AB0C9 /* Main.storyboard */,
				B10D90B21DBFAD5E009AB0C9 /* Assets.xcassets */,
				B10D90B41DBFAD5E009AB0C9 /* LaunchScreen.storyboard */,
			);
			name = View;
			sourceTree = "<group>";
		};
/* End PBXGroup section */

/* Begin PBXNativeTarget section */
		B10D90A71DBFAD5E009AB0C9 /* CardGame */ = {
			isa = PBXNativeTarget;
			buildConfigurationList = B10D90D01DBFAD5F009AB0C9 /* Build configuration list for PBXNativeTarget "CardGame" */;
			buildPhases = (
				B10D90A41DBFAD5E009AB0C9 /* Sources */,
				B10D90A51DBFAD5E009AB0C9 /* Frameworks */,
				B10D90A61DBFAD5E009AB0C9 /* Resources */,
			);
			buildRules = (
			);
			dependencies = (
			);
			name = CardGame;
			productName = CardGame;
			productReference = B10D90A81DBFAD5E009AB0C9 /* CardGame.app */;
			productType = "com.apple.product-type.application";
		};
		B10D90BB1DBFAD5E009AB0C9 /* CardGameTests */ = {
			isa = PBXNativeTarget;
			buildConfigurationList = B10D90D31DBFAD5F009AB0C9 /* Build configuration list for PBXNativeTarget "CardGameTests" */;
			buildPhases = (
				B10D90B81DBFAD5E009AB0C9 /* Sources */,
				B10D90B91DBFAD5E009AB0C9 /* Frameworks */,
				B10D90BA1DBFAD5E009AB0C9 /* Resources */,
			);
			buildRules = (
			);
			dependencies = (
				B10D90BE1DBFAD5F009AB0C9 /* PBXTargetDependency */,
			);
			name = CardGameTests;
			productName = CardGameTests;
			productReference = B10D90BC1DBFAD5F009AB0C9 /* CardGameTests.xctest */;
			productType = "com.apple.product-type.bundle.unit-test";
		};
		B10D90C61DBFAD5F009AB0C9 /* CardGameUITests */ = {
			isa = PBXNativeTarget;
			buildConfigurationList = B10D90D61DBFAD5F009AB0C9 /* Build configuration list for PBXNativeTarget "CardGameUITests" */;
			buildPhases = (
				B10D90C31DBFAD5F009AB0C9 /* Sources */,
				B10D90C41DBFAD5F009AB0C9 /* Frameworks */,
				B10D90C51DBFAD5F009AB0C9 /* Resources */,
			);
			buildRules = (
			);
			dependencies = (
				B10D90C91DBFAD5F009AB0C9 /* PBXTargetDependency */,
			);
			name = CardGameUITests;
			productName = CardGameUITests;
			productReference = B10D90C71DBFAD5F009AB0C9 /* CardGameUITests.xctest */;
			productType = "com.apple.product-type.bundle.ui-testing";
		};
/* End PBXNativeTarget section */

/* Begin PBXProject section */
		B10D90A01DBFAD5E009AB0C9 /* Project object */ = {
			isa = PBXProject;
			attributes = {
				LastSwiftUpdateCheck = 0720;
				LastUpgradeCheck = 0720;
				ORGANIZATIONNAME = "Perry, Britton";
				TargetAttributes = {
					B10D90A71DBFAD5E009AB0C9 = {
						CreatedOnToolsVersion = 7.2;
					};
					B10D90BB1DBFAD5E009AB0C9 = {
						CreatedOnToolsVersion = 7.2;
						TestTargetID = B10D90A71DBFAD5E009AB0C9;
					};
					B10D90C61DBFAD5F009AB0C9 = {
						CreatedOnToolsVersion = 7.2;
						TestTargetID = B10D90A71DBFAD5E009AB0C9;
					};
				};
			};
			buildConfigurationList = B10D90A31DBFAD5E009AB0C9 /* Build configuration list for PBXProject "CardGame" */;
			compatibilityVersion = "Xcode 3.2";
			developmentRegion = English;
			hasScannedForEncodings = 0;
			knownRegions = (
				en,
				Base,
			);
			mainGroup = B10D909F1DBFAD5E009AB0C9;
			productRefGroup = B10D90A91DBFAD5E009AB0C9 /* Products */;
			projectDirPath = "";
			projectRoot = "";
			targets = (
				B10D90A71DBFAD5E009AB0C9 /* CardGame */,
				B10D90BB1DBFAD5E009AB0C9 /* CardGameTests */,
				B10D90C61DBFAD5F009AB0C9 /* CardGameUITests */,
			);
		};
/* End PBXProject section */

/* Begin PBXResourcesBuildPhase section */
		B10D90A61DBFAD5E009AB0C9 /* Resources */ = {
			isa = PBXResourcesBuildPhase;
			buildActionMask = 2147483647;
			files = (
				B10D90B61DBFAD5E009AB0C9 /* LaunchScreen.storyboard in Resources */,
				B10D90B31DBFAD5E009AB0C9 /* Assets.xcassets in Resources */,
				B10D90B11DBFAD5E009AB0C9 /* Main.storyboard in Resources */,
			);
			runOnlyForDeploymentPostprocessing = 0;
		};
		B10D90BA1DBFAD5E009AB0C9 /* Resources */ = {
			isa = PBXResourcesBuildPhase;
			buildActionMask = 2147483647;
			files = (
			);
			runOnlyForDeploymentPostprocessing = 0;
		};
		B10D90C51DBFAD5F009AB0C9 /* Resources */ = {
			isa = PBXResourcesBuildPhase;
			buildActionMask = 2147483647;
			files = (
			);
			runOnlyForDeploymentPostprocessing = 0;
		};
/* End PBXResourcesBuildPhase section */

/* Begin PBXSourcesBuildPhase section */
		B10D90A41DBFAD5E009AB0C9 /* Sources */ = {
			isa = PBXSourcesBuildPhase;
			buildActionMask = 2147483647;
			files = (
				B1A146731DC78A0300CA154D /* PlayingCardGame.swift in Sources */,
				B115DBFB1DC251C600D14656 /* CardGameController.swift in Sources */,
				B10D90DC1DBFB0DC009AB0C9 /* PlayingCard.swift in Sources */,
				B1A1466F1DC7888900CA154D /* Deck.swift in Sources */,
				B10D90AC1DBFAD5E009AB0C9 /* AppDelegate.swift in Sources */,
				B10D90DD1DBFB0DC009AB0C9 /* Card.swift in Sources */,
			);
			runOnlyForDeploymentPostprocessing = 0;
		};
		B10D90B81DBFAD5E009AB0C9 /* Sources */ = {
			isa = PBXSourcesBuildPhase;
			buildActionMask = 2147483647;
			files = (
				B10D90C11DBFAD5F009AB0C9 /* CardGameTests.swift in Sources */,
			);
			runOnlyForDeploymentPostprocessing = 0;
		};
		B10D90C31DBFAD5F009AB0C9 /* Sources */ = {
			isa = PBXSourcesBuildPhase;
			buildActionMask = 2147483647;
			files = (
				B10D90CC1DBFAD5F009AB0C9 /* CardGameUITests.swift in Sources */,
			);
			runOnlyForDeploymentPostprocessing = 0;
		};
/* End PBXSourcesBuildPhase section */

/* Begin PBXTargetDependency section */
		B10D90BE1DBFAD5F009AB0C9 /* PBXTargetDependency */ = {
			isa = PBXTargetDependency;
			target = B10D90A71DBFAD5E009AB0C9 /* CardGame */;
			targetProxy = B10D90BD1DBFAD5F009AB0C9 /* PBXContainerItemProxy */;
		};
		B10D90C91DBFAD5F009AB0C9 /* PBXTargetDependency */ = {
			isa = PBXTargetDependency;
			target = B10D90A71DBFAD5E009AB0C9 /* CardGame */;
			targetProxy = B10D90C81DBFAD5F009AB0C9 /* PBXContainerItemProxy */;
		};
/* End PBXTargetDependency section */

/* Begin PBXVariantGroup section */
		B10D90AF1DBFAD5E009AB0C9 /* Main.storyboard */ = {
			isa = PBXVariantGroup;
			children = (
				B10D90B01DBFAD5E009AB0C9 /* Base */,
			);
			name = Main.storyboard;
			sourceTree = "<group>";
		};
		B10D90B41DBFAD5E009AB0C9 /* LaunchScreen.storyboard */ = {
			isa = PBXVariantGroup;
			children = (
				B10D90B51DBFAD5E009AB0C9 /* Base */,
			);
			name = LaunchScreen.storyboard;
			sourceTree = "<group>";
		};
/* End PBXVariantGroup section */

/* Begin XCBuildConfiguration section */
		B10D90CE1DBFAD5F009AB0C9 /* Debug */ = {
			isa = XCBuildConfiguration;
			buildSettings = {
				ALWAYS_SEARCH_USER_PATHS = NO;
				CLANG_CXX_LANGUAGE_STANDARD = "gnu++0x";
				CLANG_CXX_LIBRARY = "libc++";
				CLANG_ENABLE_MODULES = YES;
				CLANG_ENABLE_OBJC_ARC = YES;
				CLANG_WARN_BOOL_CONVERSION = YES;
				CLANG_WARN_CONSTANT_CONVERSION = YES;
				CLANG_WARN_DIRECT_OBJC_ISA_USAGE = YES_ERROR;
				CLANG_WARN_EMPTY_BODY = YES;
				CLANG_WARN_ENUM_CONVERSION = YES;
				CLANG_WARN_INT_CONVERSION = YES;
				CLANG_WARN_OBJC_ROOT_CLASS = YES_ERROR;
				CLANG_WARN_UNREACHABLE_CODE = YES;
				CLANG_WARN__DUPLICATE_METHOD_MATCH = YES;
				"CODE_SIGN_IDENTITY[sdk=iphoneos*]" = "iPhone Developer";
				COPY_PHASE_STRIP = NO;
				DEBUG_INFORMATION_FORMAT = dwarf;
				ENABLE_STRICT_OBJC_MSGSEND = YES;
				ENABLE_TESTABILITY = YES;
				GCC_C_LANGUAGE_STANDARD = gnu99;
				GCC_DYNAMIC_NO_PIC = NO;
				GCC_NO_COMMON_BLOCKS = YES;
				GCC_OPTIMIZATION_LEVEL = 0;
				GCC_PREPROCESSOR_DEFINITIONS = (
					"DEBUG=1",
					"$(inherited)",
				);
				GCC_WARN_64_TO_32_BIT_CONVERSION = YES;
				GCC_WARN_ABOUT_RETURN_TYPE = YES_ERROR;
				GCC_WARN_UNDECLARED_SELECTOR = YES;
				GCC_WARN_UNINITIALIZED_AUTOS = YES_AGGRESSIVE;
				GCC_WARN_UNUSED_FUNCTION = YES;
				GCC_WARN_UNUSED_VARIABLE = YES;
				IPHONEOS_DEPLOYMENT_TARGET = 9.2;
				MTL_ENABLE_DEBUG_INFO = YES;
				ONLY_ACTIVE_ARCH = YES;
				SDKROOT = iphoneos;
				SWIFT_OPTIMIZATION_LEVEL = "-Onone";
				TARGETED_DEVICE_FAMILY = "1,2";
			};
			name = Debug;
		};
		B10D90CF1DBFAD5F009AB0C9 /* Release */ = {
			isa = XCBuildConfiguration;
			buildSettings = {
				ALWAYS_SEARCH_USER_PATHS = NO;
				CLANG_CXX_LANGUAGE_STANDARD = "gnu++0x";
				CLANG_CXX_LIBRARY = "libc++";
				CLANG_ENABLE_MODULES = YES;
				CLANG_ENABLE_OBJC_ARC = YES;
				CLANG_WARN_BOOL_CONVERSION = YES;
				CLANG_WARN_CONSTANT_CONVERSION = YES;
				CLANG_WARN_DIRECT_OBJC_ISA_USAGE = YES_ERROR;
				CLANG_WARN_EMPTY_BODY = YES;
				CLANG_WARN_ENUM_CONVERSION = YES;
				CLANG_WARN_INT_CONVERSION = YES;
				CLANG_WARN_OBJC_ROOT_CLASS = YES_ERROR;
				CLANG_WARN_UNREACHABLE_CODE = YES;
				CLANG_WARN__DUPLICATE_METHOD_MATCH = YES;
				"CODE_SIGN_IDENTITY[sdk=iphoneos*]" = "iPhone Developer";
				COPY_PHASE_STRIP = NO;
				DEBUG_INFORMATION_FORMAT = "dwarf-with-dsym";
				ENABLE_NS_ASSERTIONS = NO;
				ENABLE_STRICT_OBJC_MSGSEND = YES;
				GCC_C_LANGUAGE_STANDARD = gnu99;
				GCC_NO_COMMON_BLOCKS = YES;
				GCC_WARN_64_TO_32_BIT_CONVERSION = YES;
				GCC_WARN_ABOUT_RETURN_TYPE = YES_ERROR;
				GCC_WARN_UNDECLARED_SELECTOR = YES;
				GCC_WARN_UNINITIALIZED_AUTOS = YES_AGGRESSIVE;
				GCC_WARN_UNUSED_FUNCTION = YES;
				GCC_WARN_UNUSED_VARIABLE = YES;
				IPHONEOS_DEPLOYMENT_TARGET = 9.2;
				MTL_ENABLE_DEBUG_INFO = NO;
				SDKROOT = iphoneos;
				TARGETED_DEVICE_FAMILY = "1,2";
				VALIDATE_PRODUCT = YES;
			};
			name = Release;
		};
		B10D90D11DBFAD5F009AB0C9 /* Debug */ = {
			isa = XCBuildConfiguration;
			buildSettings = {
				ASSETCATALOG_COMPILER_APPICON_NAME = AppIcon;
				INFOPLIST_FILE = CardGame/Info.plist;
				LD_RUNPATH_SEARCH_PATHS = "$(inherited) @executable_path/Frameworks";
				PRODUCT_BUNDLE_IDENTIFIER = Ctec.CardGame;
				PRODUCT_NAME = "$(TARGET_NAME)";
			};
			name = Debug;
		};
		B10D90D21DBFAD5F009AB0C9 /* Release */ = {
			isa = XCBuildConfiguration;
			buildSettings = {
				ASSETCATALOG_COMPILER_APPICON_NAME = AppIcon;
				INFOPLIST_FILE = CardGame/Info.plist;
				LD_RUNPATH_SEARCH_PATHS = "$(inherited) @executable_path/Frameworks";
				PRODUCT_BUNDLE_IDENTIFIER = Ctec.CardGame;
				PRODUCT_NAME = "$(TARGET_NAME)";
			};
			name = Release;
		};
		B10D90D41DBFAD5F009AB0C9 /* Debug */ = {
			isa = XCBuildConfiguration;
			buildSettings = {
				BUNDLE_LOADER = "$(TEST_HOST)";
				INFOPLIST_FILE = CardGameTests/Info.plist;
				LD_RUNPATH_SEARCH_PATHS = "$(inherited) @executable_path/Frameworks @loader_path/Frameworks";
				PRODUCT_BUNDLE_IDENTIFIER = Ctec.CardGameTests;
				PRODUCT_NAME = "$(TARGET_NAME)";
				TEST_HOST = "$(BUILT_PRODUCTS_DIR)/CardGame.app/CardGame";
			};
			name = Debug;
		};
		B10D90D51DBFAD5F009AB0C9 /* Release */ = {
			isa = XCBuildConfiguration;
			buildSettings = {
				BUNDLE_LOADER = "$(TEST_HOST)";
				INFOPLIST_FILE = CardGameTests/Info.plist;
				LD_RUNPATH_SEARCH_PATHS = "$(inherited) @executable_path/Frameworks @loader_path/Frameworks";
				PRODUCT_BUNDLE_IDENTIFIER = Ctec.CardGameTests;
				PRODUCT_NAME = "$(TARGET_NAME)";
				TEST_HOST = "$(BUILT_PRODUCTS_DIR)/CardGame.app/CardGame";
			};
			name = Release;
		};
		B10D90D71DBFAD5F009AB0C9 /* Debug */ = {
			isa = XCBuildConfiguration;
			buildSettings = {
				INFOPLIST_FILE = CardGameUITests/Info.plist;
				LD_RUNPATH_SEARCH_PATHS = "$(inherited) @executable_path/Frameworks @loader_path/Frameworks";
				PRODUCT_BUNDLE_IDENTIFIER = Ctec.CardGameUITests;
				PRODUCT_NAME = "$(TARGET_NAME)";
				TEST_TARGET_NAME = CardGame;
				USES_XCTRUNNER = YES;
			};
			name = Debug;
		};
		B10D90D81DBFAD5F009AB0C9 /* Release */ = {
			isa = XCBuildConfiguration;
			buildSettings = {
				INFOPLIST_FILE = CardGameUITests/Info.plist;
				LD_RUNPATH_SEARCH_PATHS = "$(inherited) @executable_path/Frameworks @loader_path/Frameworks";
				PRODUCT_BUNDLE_IDENTIFIER = Ctec.CardGameUITests;
				PRODUCT_NAME = "$(TARGET_NAME)";
				TEST_TARGET_NAME = CardGame;
				USES_XCTRUNNER = YES;
			};
			name = Release;
		};
/* End XCBuildConfiguration section */

/* Begin XCConfigurationList section */
		B10D90A31DBFAD5E009AB0C9 /* Build configuration list for PBXProject "CardGame" */ = {
			isa = XCConfigurationList;
			buildConfigurations = (
				B10D90CE1DBFAD5F009AB0C9 /* Debug */,
				B10D90CF1DBFAD5F009AB0C9 /* Release */,
			);
			defaultConfigurationIsVisible = 0;
			defaultConfigurationName = Release;
		};
		B10D90D01DBFAD5F009AB0C9 /* Build configuration list for PBXNativeTarget "CardGame" */ = {
			isa = XCConfigurationList;
			buildConfigurations = (
				B10D90D11DBFAD5F009AB0C9 /* Debug */,
				B10D90D21DBFAD5F009AB0C9 /* Release */,
			);
			defaultConfigurationIsVisible = 0;
			defaultConfigurationName = Release;
		};
		B10D90D31DBFAD5F009AB0C9 /* Build configuration list for PBXNativeTarget "CardGameTests" */ = {
			isa = XCConfigurationList;
			buildConfigurations = (
				B10D90D41DBFAD5F009AB0C9 /* Debug */,
				B10D90D51DBFAD5F009AB0C9 /* Release */,
			);
			defaultConfigurationIsVisible = 0;
			defaultConfigurationName = Release;
		};
		B10D90D61DBFAD5F009AB0C9 /* Build configuration list for PBXNativeTarget "CardGameUITests" */ = {
			isa = XCConfigurationList;
			buildConfigurations = (
				B10D90D71DBFAD5F009AB0C9 /* Debug */,
				B10D90D81DBFAD5F009AB0C9 /* Release */,
			);
			defaultConfigurationIsVisible = 0;
			defaultConfigurationName = Release;
		};
/* End XCConfigurationList section */
	};
	rootObject = B10D90A01DBFAD5E009AB0C9 /* Project object */;
}
